// !$*UTF8*$!
{
	archiveVersion = 1;
	classes = {
	};
	objectVersion = 55;
	objects = {

/* Begin PBXBuildFile section */
		28F8F70528AF84BF0019F00A /* NetworkInterchangableApp.swift in Sources */ = {isa = PBXBuildFile; fileRef = 28F8F70428AF84BF0019F00A /* NetworkInterchangableApp.swift */; };
		28F8F70728AF84BF0019F00A /* ContentView.swift in Sources */ = {isa = PBXBuildFile; fileRef = 28F8F70628AF84BF0019F00A /* ContentView.swift */; };
		28F8F70928AF84C10019F00A /* Assets.xcassets in Resources */ = {isa = PBXBuildFile; fileRef = 28F8F70828AF84C10019F00A /* Assets.xcassets */; };
		28F8F70C28AF84C10019F00A /* Preview Assets.xcassets in Resources */ = {isa = PBXBuildFile; fileRef = 28F8F70B28AF84C10019F00A /* Preview Assets.xcassets */; };
		28F8F71628AF85570019F00A /* UserModel.swift in Sources */ = {isa = PBXBuildFile; fileRef = 28F8F71528AF85570019F00A /* UserModel.swift */; };
		28F8F71928AF85710019F00A /* Webservice.swift in Sources */ = {isa = PBXBuildFile; fileRef = 28F8F71828AF85710019F00A /* Webservice.swift */; };
		28F8F71D28AFAA240019F00A /* UserViewModel.swift in Sources */ = {isa = PBXBuildFile; fileRef = 28F8F71C28AFAA240019F00A /* UserViewModel.swift */; };
		28F8F72128AFABBE0019F00A /* Constants.swift in Sources */ = {isa = PBXBuildFile; fileRef = 28F8F72028AFABBE0019F00A /* Constants.swift */; };
		28F8F72328AFB2310019F00A /* users.json in Resources */ = {isa = PBXBuildFile; fileRef = 28F8F72228AFB2310019F00A /* users.json */; };
		28F8F72528AFB2760019F00A /* Localservice.swift in Sources */ = {isa = PBXBuildFile; fileRef = 28F8F72428AFB2760019F00A /* Localservice.swift */; };
		28F8F72828AFB5620019F00A /* NetworkService.swift in Sources */ = {isa = PBXBuildFile; fileRef = 28F8F72728AFB5620019F00A /* NetworkService.swift */; };
/* End PBXBuildFile section */

/* Begin PBXFileReference section */
		28F8F70128AF84BF0019F00A /* NetworkInterchangable.app */ = {isa = PBXFileReference; explicitFileType = wrapper.application; includeInIndex = 0; path = NetworkInterchangable.app; sourceTree = BUILT_PRODUCTS_DIR; };
		28F8F70428AF84BF0019F00A /* NetworkInterchangableApp.swift */ = {isa = PBXFileReference; lastKnownFileType = sourcecode.swift; path = NetworkInterchangableApp.swift; sourceTree = "<group>"; };
		28F8F70628AF84BF0019F00A /* ContentView.swift */ = {isa = PBXFileReference; lastKnownFileType = sourcecode.swift; path = ContentView.swift; sourceTree = "<group>"; };
		28F8F70828AF84C10019F00A /* Assets.xcassets */ = {isa = PBXFileReference; lastKnownFileType = folder.assetcatalog; path = Assets.xcassets; sourceTree = "<group>"; };
		28F8F70B28AF84C10019F00A /* Preview Assets.xcassets */ = {isa = PBXFileReference; lastKnownFileType = folder.assetcatalog; path = "Preview Assets.xcassets"; sourceTree = "<group>"; };
		28F8F71528AF85570019F00A /* UserModel.swift */ = {isa = PBXFileReference; lastKnownFileType = sourcecode.swift; path = UserModel.swift; sourceTree = "<group>"; };
		28F8F71828AF85710019F00A /* Webservice.swift */ = {isa = PBXFileReference; lastKnownFileType = sourcecode.swift; path = Webservice.swift; sourceTree = "<group>"; };
		28F8F71C28AFAA240019F00A /* UserViewModel.swift */ = {isa = PBXFileReference; lastKnownFileType = sourcecode.swift; path = UserViewModel.swift; sourceTree = "<group>"; };
		28F8F72028AFABBE0019F00A /* Constants.swift */ = {isa = PBXFileReference; lastKnownFileType = sourcecode.swift; path = Constants.swift; sourceTree = "<group>"; };
		28F8F72228AFB2310019F00A /* users.json */ = {isa = PBXFileReference; fileEncoding = 4; lastKnownFileType = text.json; path = users.json; sourceTree = "<group>"; };
		28F8F72428AFB2760019F00A /* Localservice.swift */ = {isa = PBXFileReference; lastKnownFileType = sourcecode.swift; path = Localservice.swift; sourceTree = "<group>"; };
		28F8F72728AFB5620019F00A /* NetworkService.swift */ = {isa = PBXFileReference; lastKnownFileType = sourcecode.swift; path = NetworkService.swift; sourceTree = "<group>"; };
/* End PBXFileReference section */

/* Begin PBXFrameworksBuildPhase section */
		28F8F6FE28AF84BF0019F00A /* Frameworks */ = {
			isa = PBXFrameworksBuildPhase;
			buildActionMask = 2147483647;
			files = (
			);
			runOnlyForDeploymentPostprocessing = 0;
		};
/* End PBXFrameworksBuildPhase section */

/* Begin PBXGroup section */
		28F8F6F828AF84BF0019F00A = {
			isa = PBXGroup;
			children = (
				28F8F70328AF84BF0019F00A /* NetworkInterchangable */,
				28F8F70228AF84BF0019F00A /* Products */,
			);
			sourceTree = "<group>";
		};
		28F8F70228AF84BF0019F00A /* Products */ = {
			isa = PBXGroup;
			children = (
				28F8F70128AF84BF0019F00A /* NetworkInterchangable.app */,
			);
			name = Products;
			sourceTree = "<group>";
		};
		28F8F70328AF84BF0019F00A /* NetworkInterchangable */ = {
			isa = PBXGroup;
			children = (
				28F8F72228AFB2310019F00A /* users.json */,
				28F8F71F28AFABAD0019F00A /* Constants */,
				28F8F71B28AF857F0019F00A /* View */,
				28F8F71A28AF85760019F00A /* ViewModel */,
				28F8F71728AF855C0019F00A /* Service */,
				28F8F71428AF85460019F00A /* Model */,
				28F8F70428AF84BF0019F00A /* NetworkInterchangableApp.swift */,
				28F8F70828AF84C10019F00A /* Assets.xcassets */,
				28F8F70A28AF84C10019F00A /* Preview Content */,
			);
			path = NetworkInterchangable;
			sourceTree = "<group>";
		};
		28F8F70A28AF84C10019F00A /* Preview Content */ = {
			isa = PBXGroup;
			children = (
				28F8F70B28AF84C10019F00A /* Preview Assets.xcassets */,
			);
			path = "Preview Content";
			sourceTree = "<group>";
		};
		28F8F71428AF85460019F00A /* Model */ = {
			isa = PBXGroup;
			children = (
				28F8F71528AF85570019F00A /* UserModel.swift */,
			);
			path = Model;
			sourceTree = "<group>";
		};
		28F8F71728AF855C0019F00A /* Service */ = {
			isa = PBXGroup;
			children = (
				28F8F71828AF85710019F00A /* Webservice.swift */,
				28F8F72428AFB2760019F00A /* Localservice.swift */,
				28F8F72728AFB5620019F00A /* NetworkService.swift */,
			);
			path = Service;
			sourceTree = "<group>";
		};
		28F8F71A28AF85760019F00A /* ViewModel */ = {
			isa = PBXGroup;
			children = (
				28F8F71C28AFAA240019F00A /* UserViewModel.swift */,
			);
			path = ViewModel;
			sourceTree = "<group>";
		};
		28F8F71B28AF857F0019F00A /* View */ = {
			isa = PBXGroup;
			children = (
				28F8F70628AF84BF0019F00A /* ContentView.swift */,
			);
			path = View;
			sourceTree = "<group>";
		};
		28F8F71F28AFABAD0019F00A /* Constants */ = {
			isa = PBXGroup;
			children = (
				28F8F72028AFABBE0019F00A /* Constants.swift */,
			);
			path = Constants;
			sourceTree = "<group>";
		};
/* End PBXGroup section */

/* Begin PBXNativeTarget section */
		28F8F70028AF84BF0019F00A /* NetworkInterchangable */ = {
			isa = PBXNativeTarget;
			buildConfigurationList = 28F8F70F28AF84C10019F00A /* Build configuration list for PBXNativeTarget "NetworkInterchangable" */;
			buildPhases = (
				28F8F6FD28AF84BF0019F00A /* Sources */,
				28F8F6FE28AF84BF0019F00A /* Frameworks */,
				28F8F6FF28AF84BF0019F00A /* Resources */,
			);
			buildRules = (
			);
			dependencies = (
			);
			name = NetworkInterchangable;
			productName = NetworkInterchangable;
			productReference = 28F8F70128AF84BF0019F00A /* NetworkInterchangable.app */;
			productType = "com.apple.product-type.application";
		};
/* End PBXNativeTarget section */

/* Begin PBXProject section */
		28F8F6F928AF84BF0019F00A /* Project object */ = {
			isa = PBXProject;
			attributes = {
				BuildIndependentTargetsInParallel = 1;
				LastSwiftUpdateCheck = 1340;
				LastUpgradeCheck = 1340;
				TargetAttributes = {
					28F8F70028AF84BF0019F00A = {
						CreatedOnToolsVersion = 13.4.1;
					};
				};
			};
			buildConfigurationList = 28F8F6FC28AF84BF0019F00A /* Build configuration list for PBXProject "NetworkInterchangable" */;
			compatibilityVersion = "Xcode 13.0";
			developmentRegion = en;
			hasScannedForEncodings = 0;
			knownRegions = (
				en,
				Base,
			);
			mainGroup = 28F8F6F828AF84BF0019F00A;
			productRefGroup = 28F8F70228AF84BF0019F00A /* Products */;
			projectDirPath = "";
			projectRoot = "";
			targets = (
				28F8F70028AF84BF0019F00A /* NetworkInterchangable */,
			);
		};
/* End PBXProject section */

/* Begin PBXResourcesBuildPhase section */
		28F8F6FF28AF84BF0019F00A /* Resources */ = {
			isa = PBXResourcesBuildPhase;
			buildActionMask = 2147483647;
			files = (
				28F8F72328AFB2310019F00A /* users.json in Resources */,
				28F8F70C28AF84C10019F00A /* Preview Assets.xcassets in Resources */,
				28F8F70928AF84C10019F00A /* Assets.xcassets in Resources */,
			);
			runOnlyForDeploymentPostprocessing = 0;
		};
/* End PBXResourcesBuildPhase section */

/* Begin PBXSourcesBuildPhase section */
		28F8F6FD28AF84BF0019F00A /* Sources */ = {
			isa = PBXSourcesBuildPhase;
			buildActionMask = 2147483647;
			files = (
				28F8F72528AFB2760019F00A /* Localservice.swift in Sources */,
				28F8F70728AF84BF0019F00A /* ContentView.swift in Sources */,
				28F8F72828AFB5620019F00A /* NetworkService.swift in Sources */,
				28F8F71628AF85570019F00A /* UserModel.swift in Sources */,
				28F8F71928AF85710019F00A /* Webservice.swift in Sources */,
				28F8F71D28AFAA240019F00A /* UserViewModel.swift in Sources */,
				28F8F70528AF84BF0019F00A /* NetworkInterchangableApp.swift in Sources */,
				28F8F72128AFABBE0019F00A /* Constants.swift in Sources */,
			);
			runOnlyForDeploymentPostprocessing = 0;
		};
/* End PBXSourcesBuildPhase section */

/* Begin XCBuildConfiguration section */
		28F8F70D28AF84C10019F00A /* Debug */ = {
			isa = XCBuildConfiguration;
			buildSettings = {
				ALWAYS_SEARCH_USER_PATHS = NO;
				CLANG_ANALYZER_NONNULL = YES;
				CLANG_ANALYZER_NUMBER_OBJECT_CONVERSION = YES_AGGRESSIVE;
				CLANG_CXX_LANGUAGE_STANDARD = "gnu++17";
				CLANG_ENABLE_MODULES = YES;
				CLANG_ENABLE_OBJC_ARC = YES;
				CLANG_ENABLE_OBJC_WEAK = YES;
				CLANG_WARN_BLOCK_CAPTURE_AUTORELEASING = YES;
				CLANG_WARN_BOOL_CONVERSION = YES;
				CLANG_WARN_COMMA = YES;
				CLANG_WARN_CONSTANT_CONVERSION = YES;
				CLANG_WARN_DEPRECATED_OBJC_IMPLEMENTATIONS = YES;
				CLANG_WARN_DIRECT_OBJC_ISA_USAGE = YES_ERROR;
				CLANG_WARN_DOCUMENTATION_COMMENTS = YES;
				CLANG_WARN_EMPTY_BODY = YES;
				CLANG_WARN_ENUM_CONVERSION = YES;
				CLANG_WARN_INFINITE_RECURSION = YES;
				CLANG_WARN_INT_CONVERSION = YES;
				CLANG_WARN_NON_LITERAL_NULL_CONVERSION = YES;
				CLANG_WARN_OBJC_IMPLICIT_RETAIN_SELF = YES;
				CLANG_WARN_OBJC_LITERAL_CONVERSION = YES;
				CLANG_WARN_OBJC_ROOT_CLASS = YES_ERROR;
				CLANG_WARN_QUOTED_INCLUDE_IN_FRAMEWORK_HEADER = YES;
				CLANG_WARN_RANGE_LOOP_ANALYSIS = YES;
				CLANG_WARN_STRICT_PROTOTYPES = YES;
				CLANG_WARN_SUSPICIOUS_MOVE = YES;
				CLANG_WARN_UNGUARDED_AVAILABILITY = YES_AGGRESSIVE;
				CLANG_WARN_UNREACHABLE_CODE = YES;
				CLANG_WARN__DUPLICATE_METHOD_MATCH = YES;
				COPY_PHASE_STRIP = NO;
				DEBUG_INFORMATION_FORMAT = dwarf;
				ENABLE_STRICT_OBJC_MSGSEND = YES;
				ENABLE_TESTABILITY = YES;
				GCC_C_LANGUAGE_STANDARD = gnu11;
				GCC_DYNAMIC_NO_PIC = NO;
				GCC_NO_COMMON_BLOCKS = YES;
				GCC_OPTIMIZATION_LEVEL = 0;
				GCC_PREPROCESSOR_DEFINITIONS = (
					"DEBUG=1",
					"$(inherited)",
				);
				GCC_WARN_64_TO_32_BIT_CONVERSION = YES;
				GCC_WARN_ABOUT_RETURN_TYPE = YES_ERROR;
				GCC_WARN_UNDECLARED_SELECTOR = YES;
				GCC_WARN_UNINITIALIZED_AUTOS = YES_AGGRESSIVE;
				GCC_WARN_UNUSED_FUNCTION = YES;
				GCC_WARN_UNUSED_VARIABLE = YES;
				IPHONEOS_DEPLOYMENT_TARGET = 15.5;
				MTL_ENABLE_DEBUG_INFO = INCLUDE_SOURCE;
				MTL_FAST_MATH = YES;
				ONLY_ACTIVE_ARCH = YES;
				SDKROOT = iphoneos;
				SWIFT_ACTIVE_COMPILATION_CONDITIONS = DEBUG;
				SWIFT_OPTIMIZATION_LEVEL = "-Onone";
			};
			name = Debug;
		};
		28F8F70E28AF84C10019F00A /* Release */ = {
			isa = XCBuildConfiguration;
			buildSettings = {
				ALWAYS_SEARCH_USER_PATHS = NO;
				CLANG_ANALYZER_NONNULL = YES;
				CLANG_ANALYZER_NUMBER_OBJECT_CONVERSION = YES_AGGRESSIVE;
				CLANG_CXX_LANGUAGE_STANDARD = "gnu++17";
				CLANG_ENABLE_MODULES = YES;
				CLANG_ENABLE_OBJC_ARC = YES;
				CLANG_ENABLE_OBJC_WEAK = YES;
				CLANG_WARN_BLOCK_CAPTURE_AUTORELEASING = YES;
				CLANG_WARN_BOOL_CONVERSION = YES;
				CLANG_WARN_COMMA = YES;
				CLANG_WARN_CONSTANT_CONVERSION = YES;
				CLANG_WARN_DEPRECATED_OBJC_IMPLEMENTATIONS = YES;
				CLANG_WARN_DIRECT_OBJC_ISA_USAGE = YES_ERROR;
				CLANG_WARN_DOCUMENTATION_COMMENTS = YES;
				CLANG_WARN_EMPTY_BODY = YES;
				CLANG_WARN_ENUM_CONVERSION = YES;
				CLANG_WARN_INFINITE_RECURSION = YES;
				CLANG_WARN_INT_CONVERSION = YES;
				CLANG_WARN_NON_LITERAL_NULL_CONVERSION = YES;
				CLANG_WARN_OBJC_IMPLICIT_RETAIN_SELF = YES;
				CLANG_WARN_OBJC_LITERAL_CONVERSION = YES;
				CLANG_WARN_OBJC_ROOT_CLASS = YES_ERROR;
				CLANG_WARN_QUOTED_INCLUDE_IN_FRAMEWORK_HEADER = YES;
				CLANG_WARN_RANGE_LOOP_ANALYSIS = YES;
				CLANG_WARN_STRICT_PROTOTYPES = YES;
				CLANG_WARN_SUSPICIOUS_MOVE = YES;
				CLANG_WARN_UNGUARDED_AVAILABILITY = YES_AGGRESSIVE;
				CLANG_WARN_UNREACHABLE_CODE = YES;
				CLANG_WARN__DUPLICATE_METHOD_MATCH = YES;
				COPY_PHASE_STRIP = NO;
				DEBUG_INFORMATION_FORMAT = "dwarf-with-dsym";
				ENABLE_NS_ASSERTIONS = NO;
				ENABLE_STRICT_OBJC_MSGSEND = YES;
				GCC_C_LANGUAGE_STANDARD = gnu11;
				GCC_NO_COMMON_BLOCKS = YES;
				GCC_WARN_64_TO_32_BIT_CONVERSION = YES;
				GCC_WARN_ABOUT_RETURN_TYPE = YES_ERROR;
				GCC_WARN_UNDECLARED_SELECTOR = YES;
				GCC_WARN_UNINITIALIZED_AUTOS = YES_AGGRESSIVE;
				GCC_WARN_UNUSED_FUNCTION = YES;
				GCC_WARN_UNUSED_VARIABLE = YES;
				IPHONEOS_DEPLOYMENT_TARGET = 15.5;
				MTL_ENABLE_DEBUG_INFO = NO;
				MTL_FAST_MATH = YES;
				SDKROOT = iphoneos;
				SWIFT_COMPILATION_MODE = wholemodule;
				SWIFT_OPTIMIZATION_LEVEL = "-O";
				VALIDATE_PRODUCT = YES;
			};
			name = Release;
		};
		28F8F71028AF84C10019F00A /* Debug */ = {
			isa = XCBuildConfiguration;
			buildSettings = {
				ASSETCATALOG_COMPILER_APPICON_NAME = AppIcon;
				ASSETCATALOG_COMPILER_GLOBAL_ACCENT_COLOR_NAME = AccentColor;
				CODE_SIGN_STYLE = Automatic;
				CURRENT_PROJECT_VERSION = 1;
				DEVELOPMENT_ASSET_PATHS = "\"NetworkInterchangable/Preview Content\"";
				ENABLE_PREVIEWS = YES;
				GENERATE_INFOPLIST_FILE = YES;
				INFOPLIST_KEY_UIApplicationSceneManifest_Generation = YES;
				INFOPLIST_KEY_UIApplicationSupportsIndirectInputEvents = YES;
				INFOPLIST_KEY_UILaunchScreen_Generation = YES;
				INFOPLIST_KEY_UISupportedInterfaceOrientations_iPad = "UIInterfaceOrientationPortrait UIInterfaceOrientationPortraitUpsideDown UIInterfaceOrientationLandscapeLeft UIInterfaceOrientationLandscapeRight";
				INFOPLIST_KEY_UISupportedInterfaceOrientations_iPhone = "UIInterfaceOrientationPortrait UIInterfaceOrientationLandscapeLeft UIInterfaceOrientationLandscapeRight";
				LD_RUNPATH_SEARCH_PATHS = (
					"$(inherited)",
					"@executable_path/Frameworks",
				);
				MARKETING_VERSION = 1.0;
				PRODUCT_BUNDLE_IDENTIFIER = com.tunahanustuntepe.NetworkInterchangable;
				PRODUCT_NAME = "$(TARGET_NAME)";
				SWIFT_EMIT_LOC_STRINGS = YES;
				SWIFT_VERSION = 5.0;
				TARGETED_DEVICE_FAMILY = "1,2";
			};
			name = Debug;
		};
		28F8F71128AF84C10019F00A /* Release */ = {
			isa = XCBuildConfiguration;
			buildSettings = {
				ASSETCATALOG_COMPILER_APPICON_NAME = AppIcon;
				ASSETCATALOG_COMPILER_GLOBAL_ACCENT_COLOR_NAME = AccentColor;
				CODE_SIGN_STYLE = Automatic;
				CURRENT_PROJECT_VERSION = 1;
				DEVELOPMENT_ASSET_PATHS = "\"NetworkInterchangable/Preview Content\"";
				ENABLE_PREVIEWS = YES;
				GENERATE_INFOPLIST_FILE = YES;
				INFOPLIST_KEY_UIApplicationSceneManifest_Generation = YES;
				INFOPLIST_KEY_UIApplicationSupportsIndirectInputEvents = YES;
				INFOPLIST_KEY_UILaunchScreen_Generation = YES;
				INFOPLIST_KEY_UISupportedInterfaceOrientations_iPad = "UIInterfaceOrientationPortrait UIInterfaceOrientationPortraitUpsideDown UIInterfaceOrientationLandscapeLeft UIInterfaceOrientationLandscapeRight";
				INFOPLIST_KEY_UISupportedInterfaceOrientations_iPhone = "UIInterfaceOrientationPortrait UIInterfaceOrientationLandscapeLeft UIInterfaceOrientationLandscapeRight";
				LD_RUNPATH_SEARCH_PATHS = (
					"$(inherited)",
					"@executable_path/Frameworks",
				);
				MARKETING_VERSION = 1.0;
				PRODUCT_BUNDLE_IDENTIFIER = com.tunahanustuntepe.NetworkInterchangable;
				PRODUCT_NAME = "$(TARGET_NAME)";
				SWIFT_EMIT_LOC_STRINGS = YES;
				SWIFT_VERSION = 5.0;
				TARGETED_DEVICE_FAMILY = "1,2";
			};
			name = Release;
		};
/* End XCBuildConfiguration section */

/* Begin XCConfigurationList section */
		28F8F6FC28AF84BF0019F00A /* Build configuration list for PBXProject "NetworkInterchangable" */ = {
			isa = XCConfigurationList;
			buildConfigurations = (
				28F8F70D28AF84C10019F00A /* Debug */,
				28F8F70E28AF84C10019F00A /* Release */,
			);
			defaultConfigurationIsVisible = 0;
			defaultConfigurationName = Release;
		};
		28F8F70F28AF84C10019F00A /* Build configuration list for PBXNativeTarget "NetworkInterchangable" */ = {
			isa = XCConfigurationList;
			buildConfigurations = (
				28F8F71028AF84C10019F00A /* Debug */,
				28F8F71128AF84C10019F00A /* Release */,
			);
			defaultConfigurationIsVisible = 0;
			defaultConfigurationName = Release;
		};
/* End XCConfigurationList section */
	};
	rootObject = 28F8F6F928AF84BF0019F00A /* Project object */;
}
